
Microsoft Visual Studio Solution File, Format Version 12.00
# Visual Studio Version 16
VisualStudioVersion = 16.0.31624.102
MinimumVisualStudioVersion = 10.0.40219.1
Project("{FAE04EC0-301F-11D3-BF4B-00C04F79EFBC}") = "Buttons", "Buttons\Buttons.csproj", "{785F51BD-55D4-4266-929F-73177A6C99A8}"
EndProject
Global
	GlobalSection(SolutionConfigurationPlatforms) = preSolution
		Debug|Any CPU = Debug|Any CPU
		Release|Any CPU = Release|Any CPU
	EndGlobalSection
	GlobalSection(ProjectConfigurationPlatforms) = postSolution
		{785F51BD-55D4-4266-929F-73177A6C99A8}.Debug|Any CPU.ActiveCfg = Debug|Any CPU
		{785F51BD-55D4-4266-929F-73177A6C99A8}.Debug|Any CPU.Build.0 = Debug|Any CPU
		{785F51BD-55D4-4266-929F-73177A6C99A8}.Release|Any CPU.ActiveCfg = Release|Any CPU
		{785F51BD-55D4-4266-929F-73177A6C99A8}.Release|Any CPU.Build.0 = Release|Any CPU
	EndGlobalSection
	GlobalSection(SolutionProperties) = preSolution
		HideSolutionNode = FALSE
	EndGlobalSection
	GlobalSection(ExtensibilityGlobals) = postSolution
		SolutionGuid = {86EE7E89-5B0B-4849-BDAD-9637307EE7C7}
	EndGlobalSection
EndGlobal
