
Microsoft Visual Studio Solution File, Format Version 12.00
# Visual Studio Version 16
VisualStudioVersion = 16.0.31624.102
MinimumVisualStudioVersion = 10.0.40219.1
Project("{FAE04EC0-301F-11D3-BF4B-00C04F79EFBC}") = "HelloApp", "HelloApp\HelloApp.csproj", "{3B8C581B-93DA-4EEC-9ECD-3C5B6F7D2A3E}"
EndProject
Global
	GlobalSection(SolutionConfigurationPlatforms) = preSolution
		Debug|Any CPU = Debug|Any CPU
		Release|Any CPU = Release|Any CPU
	EndGlobalSection
	GlobalSection(ProjectConfigurationPlatforms) = postSolution
		{3B8C581B-93DA-4EEC-9ECD-3C5B6F7D2A3E}.Debug|Any CPU.ActiveCfg = Debug|Any CPU
		{3B8C581B-93DA-4EEC-9ECD-3C5B6F7D2A3E}.Debug|Any CPU.Build.0 = Debug|Any CPU
		{3B8C581B-93DA-4EEC-9ECD-3C5B6F7D2A3E}.Release|Any CPU.ActiveCfg = Release|Any CPU
		{3B8C581B-93DA-4EEC-9ECD-3C5B6F7D2A3E}.Release|Any CPU.Build.0 = Release|Any CPU
	EndGlobalSection
	GlobalSection(SolutionProperties) = preSolution
		HideSolutionNode = FALSE
	EndGlobalSection
	GlobalSection(ExtensibilityGlobals) = postSolution
		SolutionGuid = {E8F5CA0C-F09E-467A-B6BE-378655AA3E2C}
	EndGlobalSection
EndGlobal
