
Microsoft Visual Studio Solution File, Format Version 12.00
# Visual Studio Version 17
VisualStudioVersion = 17.3.32922.545
MinimumVisualStudioVersion = 10.0.40219.1
Project("{FAE04EC0-301F-11D3-BF4B-00C04F79EFBC}") = "SolarSystem", "SolarSystem\SolarSystem.csproj", "{55A2C633-BA24-43C3-A9B6-F25408F29C5B}"
EndProject
Global
	GlobalSection(SolutionConfigurationPlatforms) = preSolution
		Debug|Any CPU = Debug|Any CPU
		Release|Any CPU = Release|Any CPU
	EndGlobalSection
	GlobalSection(ProjectConfigurationPlatforms) = postSolution
		{55A2C633-BA24-43C3-A9B6-F25408F29C5B}.Debug|Any CPU.ActiveCfg = Debug|Any CPU
		{55A2C633-BA24-43C3-A9B6-F25408F29C5B}.Debug|Any CPU.Build.0 = Debug|Any CPU
		{55A2C633-BA24-43C3-A9B6-F25408F29C5B}.Release|Any CPU.ActiveCfg = Release|Any CPU
		{55A2C633-BA24-43C3-A9B6-F25408F29C5B}.Release|Any CPU.Build.0 = Release|Any CPU
	EndGlobalSection
	GlobalSection(SolutionProperties) = preSolution
		HideSolutionNode = FALSE
	EndGlobalSection
	GlobalSection(ExtensibilityGlobals) = postSolution
		SolutionGuid = {B7A2ABC5-9AE3-4DEA-9652-54B12F46E23F}
	EndGlobalSection
EndGlobal
